<Solution>
  <Configurations>
    <Platform Name="ARM64" />
    <Platform Name="x64" />
    <Platform Name="x86" />
  </Configurations>
  <Folder Name="/src/">
    <Project Path="src/Surveil.Core/Surveil.Core.csproj">
      <Platform Solution="Debug|x64" Project="x64" />
    </Project>
    <Project Path="src/Surveil.Unifi/Surveil.Unifi.csproj">
      <Platform Solution="Debug|x64" Project="x64" />
    </Project>
    <Project Path="src/Surveil/Surveil.csproj">
      <Platform Solution="*|ARM64" Project="ARM64" />
      <Platform Solution="*|x64" Project="x64" />
      <Platform Solution="*|x86" Project="x86" />
      <Deploy />
    </Project>
  </Folder>
  <Folder Name="/tests/">
    <Project Path="tests/Surveil.Core.Tests/Surveil.Core.Tests.csproj">
      <Platform Solution="*|ARM64" Project="ARM64" />
      <Platform Solution="*|x64" Project="x64" />
      <Platform Solution="*|x86" Project="x86" />
    </Project>
    <Project Path="tests/Surveil.Tests/Surveil.UiTests.csproj" Id="e0b4d677-555c-454c-96ed-b3a8c5075f62">
      <Platform Solution="*|ARM64" Project="ARM64" />
      <Platform Solution="*|x64" Project="x64" />
      <Platform Solution="*|x86" Project="x86" />
    </Project>
    <Project Path="tests/Surveil.Unifi.Tests/Surveil.Unifi.Tests.csproj">
      <Platform Solution="*|ARM64" Project="ARM64" />
      <Platform Solution="*|x64" Project="x64" />
      <Platform Solution="*|x86" Project="x86" />
    </Project>
  </Folder>
</Solution>
